
Microsoft Visual Studio Solution File, Format Version 12.00
# Visual Studio Version 16
VisualStudioVersion = 16.0.30114.105
MinimumVisualStudioVersion = 10.0.40219.1
Project("{FAE04EC0-301F-11D3-BF4B-00C04F79EFBC}") = "Hello", "Hello\Hello.csproj", "{81001FFB-C940-496E-99C5-9121C135172A}"
EndProject
Project("{FAE04EC0-301F-11D3-BF4B-00C04F79EFBC}") = "Hello.UTest", "Hello.UTest\Hello.UTest.csproj", "{1050275D-1DA4-43B0-BD57-3EC591B01D2D}"
EndProject
Global
	GlobalSection(SolutionConfigurationPlatforms) = preSolution
		Debug|Any CPU = Debug|Any CPU
		Release|Any CPU = Release|Any CPU
	EndGlobalSection
	GlobalSection(SolutionProperties) = preSolution
		HideSolutionNode = FALSE
	EndGlobalSection
	GlobalSection(ProjectConfigurationPlatforms) = postSolution
		{81001FFB-C940-496E-99C5-9121C135172A}.Debug|Any CPU.ActiveCfg = Debug|Any CPU
		{81001FFB-C940-496E-99C5-9121C135172A}.Debug|Any CPU.Build.0 = Debug|Any CPU
		{81001FFB-C940-496E-99C5-9121C135172A}.Release|Any CPU.ActiveCfg = Release|Any CPU
		{81001FFB-C940-496E-99C5-9121C135172A}.Release|Any CPU.Build.0 = Release|Any CPU
		{1050275D-1DA4-43B0-BD57-3EC591B01D2D}.Debug|Any CPU.ActiveCfg = Debug|Any CPU
		{1050275D-1DA4-43B0-BD57-3EC591B01D2D}.Debug|Any CPU.Build.0 = Debug|Any CPU
		{1050275D-1DA4-43B0-BD57-3EC591B01D2D}.Release|Any CPU.ActiveCfg = Release|Any CPU
		{1050275D-1DA4-43B0-BD57-3EC591B01D2D}.Release|Any CPU.Build.0 = Release|Any CPU
	EndGlobalSection
EndGlobal
